
Microsoft Visual Studio Solution File, Format Version 12.00
# Visual Studio 15
VisualStudioVersion = 15.0.28307.852
MinimumVisualStudioVersion = 10.0.40219.1
Project("{FAE04EC0-301F-11D3-BF4B-00C04F79EFBC}") = "KutuphaneSistemi", "KutuphaneSistemi\KutuphaneSistemi.csproj", "{CFDA0122-A2EF-430C-B599-65207E4E7963}"
EndProject
Global
	GlobalSection(SolutionConfigurationPlatforms) = preSolution
		Debug|Any CPU = Debug|Any CPU
		Release|Any CPU = Release|Any CPU
	EndGlobalSection
	GlobalSection(ProjectConfigurationPlatforms) = postSolution
		{CFDA0122-A2EF-430C-B599-65207E4E7963}.Debug|Any CPU.ActiveCfg = Debug|Any CPU
		{CFDA0122-A2EF-430C-B599-65207E4E7963}.Debug|Any CPU.Build.0 = Debug|Any CPU
		{CFDA0122-A2EF-430C-B599-65207E4E7963}.Release|Any CPU.ActiveCfg = Release|Any CPU
		{CFDA0122-A2EF-430C-B599-65207E4E7963}.Release|Any CPU.Build.0 = Release|Any CPU
	EndGlobalSection
	GlobalSection(SolutionProperties) = preSolution
		HideSolutionNode = FALSE
	EndGlobalSection
	GlobalSection(ExtensibilityGlobals) = postSolution
		SolutionGuid = {5279D9D6-A982-44DA-8A5D-36298DC017CF}
	EndGlobalSection
EndGlobal
